// !$*UTF8*$!
{
	archiveVersion = 1;
	classes = {
	};
	objectVersion = 77;
	objects = {

/* Begin PBXBuildFile section */
		937205FF2277FC9600011A9F /* Assets.xcassets in Resources */ = {isa = PBXBuildFile; fileRef = 937205FE2277FC9600011A9F /* Assets.xcassets */; };
		937206022277FC9600011A9F /* Main.storyboard in Resources */ = {isa = PBXBuildFile; fileRef = 937206002277FC9600011A9F /* Main.storyboard */; };
		AC5E5614273833C0005F0EF6 /* MainWindowController.swift in Sources */ = {isa = PBXBuildFile; fileRef = AC5E5613273833C0005F0EF6 /* MainWindowController.swift */; };
		AC5E5616273833DA005F0EF6 /* ViewController.swift in Sources */ = {isa = PBXBuildFile; fileRef = AC5E5615273833DA005F0EF6 /* ViewController.swift */; };
		AC5E56182738342C005F0EF6 /* CustomTitlebarAccessoryViewController.swift in Sources */ = {isa = PBXBuildFile; fileRef = AC5E56172738342C005F0EF6 /* CustomTitlebarAccessoryViewController.swift */; };
		AC5E561A27383442005F0EF6 /* Definitions.swift in Sources */ = {isa = PBXBuildFile; fileRef = AC5E561927383442005F0EF6 /* Definitions.swift */; };
		AC5E561C27383460005F0EF6 /* AppDelegate.swift in Sources */ = {isa = PBXBuildFile; fileRef = AC5E561B27383460005F0EF6 /* AppDelegate.swift */; };
/* End PBXBuildFile section */

/* Begin PBXFileReference section */
		937205F72277FC9400011A9F /* Toolbar.app */ = {isa = PBXFileReference; explicitFileType = wrapper.application; includeInIndex = 0; path = Toolbar.app; sourceTree = BUILT_PRODUCTS_DIR; };
		937205FE2277FC9600011A9F /* Assets.xcassets */ = {isa = PBXFileReference; lastKnownFileType = folder.assetcatalog; path = Assets.xcassets; sourceTree = "<group>"; };
		937206012277FC9600011A9F /* Base */ = {isa = PBXFileReference; lastKnownFileType = file.storyboard; name = Base; path = Base.lproj/Main.storyboard; sourceTree = "<group>"; };
		937206032277FC9600011A9F /* Info.plist */ = {isa = PBXFileReference; lastKnownFileType = text.plist.xml; path = Info.plist; sourceTree = "<group>"; };
		937206042277FC9600011A9F /* Toolbar.entitlements */ = {isa = PBXFileReference; lastKnownFileType = text.plist.entitlements; path = Toolbar.entitlements; sourceTree = "<group>"; };
		AC5E5613273833C0005F0EF6 /* MainWindowController.swift */ = {isa = PBXFileReference; lastKnownFileType = sourcecode.swift; path = MainWindowController.swift; sourceTree = "<group>"; };
		AC5E5615273833DA005F0EF6 /* ViewController.swift */ = {isa = PBXFileReference; lastKnownFileType = sourcecode.swift; path = ViewController.swift; sourceTree = "<group>"; };
		AC5E56172738342C005F0EF6 /* CustomTitlebarAccessoryViewController.swift */ = {isa = PBXFileReference; lastKnownFileType = sourcecode.swift; path = CustomTitlebarAccessoryViewController.swift; sourceTree = "<group>"; };
		AC5E561927383442005F0EF6 /* Definitions.swift */ = {isa = PBXFileReference; lastKnownFileType = sourcecode.swift; path = Definitions.swift; sourceTree = "<group>"; };
		AC5E561B27383460005F0EF6 /* AppDelegate.swift */ = {isa = PBXFileReference; lastKnownFileType = sourcecode.swift; path = AppDelegate.swift; sourceTree = "<group>"; };
/* End PBXFileReference section */

/* Begin PBXFrameworksBuildPhase section */
		937205F42277FC9400011A9F /* Frameworks */ = {
			isa = PBXFrameworksBuildPhase;
			buildActionMask = 2147483647;
			files = (
			);
			runOnlyForDeploymentPostprocessing = 0;
		};
/* End PBXFrameworksBuildPhase section */

/* Begin PBXGroup section */
		937205EE2277FC9400011A9F = {
			isa = PBXGroup;
			children = (
				937205F92277FC9400011A9F /* Toolbar */,
				937205F82277FC9400011A9F /* Products */,
			);
			sourceTree = "<group>";
		};
		937205F82277FC9400011A9F /* Products */ = {
			isa = PBXGroup;
			children = (
				937205F72277FC9400011A9F /* Toolbar.app */,
			);
			name = Products;
			sourceTree = "<group>";
		};
		937205F92277FC9400011A9F /* Toolbar */ = {
			isa = PBXGroup;
			children = (
				AC5E561B27383460005F0EF6 /* AppDelegate.swift */,
				AC5E561D2738346B005F0EF6 /* Main Window */,
				ACE832DC264A18CC00A333AC /* Titlebar Accessory */,
				AC5E561927383442005F0EF6 /* Definitions.swift */,
				937206002277FC9600011A9F /* Main.storyboard */,
				937205FE2277FC9600011A9F /* Assets.xcassets */,
				937206032277FC9600011A9F /* Info.plist */,
				937206042277FC9600011A9F /* Toolbar.entitlements */,
			);
			path = Toolbar;
			sourceTree = "<group>";
		};
		AC5E561D2738346B005F0EF6 /* Main Window */ = {
			isa = PBXGroup;
			children = (
				AC5E5613273833C0005F0EF6 /* MainWindowController.swift */,
				AC5E5615273833DA005F0EF6 /* ViewController.swift */,
			);
			path = "Main Window";
			sourceTree = "<group>";
		};
		ACE832DC264A18CC00A333AC /* Titlebar Accessory */ = {
			isa = PBXGroup;
			children = (
				AC5E56172738342C005F0EF6 /* CustomTitlebarAccessoryViewController.swift */,
			);
			path = "Titlebar Accessory";
			sourceTree = "<group>";
		};
/* End PBXGroup section */

/* Begin PBXNativeTarget section */
		937205F62277FC9400011A9F /* Toolbar */ = {
			isa = PBXNativeTarget;
			buildConfigurationList = 937206072277FC9600011A9F /* Build configuration list for PBXNativeTarget "Toolbar" */;
			buildPhases = (
				937205F32277FC9400011A9F /* Sources */,
				937205F42277FC9400011A9F /* Frameworks */,
				937205F52277FC9400011A9F /* Resources */,
			);
			buildRules = (
			);
			dependencies = (
			);
			name = Toolbar;
			productName = Toolbar;
			productReference = 937205F72277FC9400011A9F /* Toolbar.app */;
			productType = "com.apple.product-type.application";
		};
/* End PBXNativeTarget section */

/* Begin PBXProject section */
		937205EF2277FC9400011A9F /* Project object */ = {
			isa = PBXProject;
			attributes = {
				BuildIndependentTargetsInParallel = YES;
				CLASSPREFIX = "";
				LastSwiftUpdateCheck = 1010;
				LastUpgradeCheck = 1500;
				ORGANIZATIONNAME = "Mario Guzman";
				TargetAttributes = {
					937205F62277FC9400011A9F = {
						CreatedOnToolsVersion = 10.1;
						LastSwiftMigration = 1100;
					};
				};
			};
			buildConfigurationList = 937205F22277FC9400011A9F /* Build configuration list for PBXProject "Toolbar" */;
			developmentRegion = en;
			hasScannedForEncodings = 0;
			knownRegions = (
				en,
				Base,
			);
			mainGroup = 937205EE2277FC9400011A9F;
			preferredProjectObjectVersion = 77;
			productRefGroup = 937205F82277FC9400011A9F /* Products */;
			projectDirPath = "";
			projectRoot = "";
			targets = (
				937205F62277FC9400011A9F /* Toolbar */,
			);
		};
/* End PBXProject section */

/* Begin PBXResourcesBuildPhase section */
		937205F52277FC9400011A9F /* Resources */ = {
			isa = PBXResourcesBuildPhase;
			buildActionMask = 2147483647;
			files = (
				937205FF2277FC9600011A9F /* Assets.xcassets in Resources */,
				937206022277FC9600011A9F /* Main.storyboard in Resources */,
			);
			runOnlyForDeploymentPostprocessing = 0;
		};
/* End PBXResourcesBuildPhase section */

/* Begin PBXSourcesBuildPhase section */
		937205F32277FC9400011A9F /* Sources */ = {
			isa = PBXSourcesBuildPhase;
			buildActionMask = 2147483647;
			files = (
				AC5E5616273833DA005F0EF6 /* ViewController.swift in Sources */,
				AC5E56182738342C005F0EF6 /* CustomTitlebarAccessoryViewController.swift in Sources */,
				AC5E561A27383442005F0EF6 /* Definitions.swift in Sources */,
				AC5E561C27383460005F0EF6 /* AppDelegate.swift in Sources */,
				AC5E5614273833C0005F0EF6 /* MainWindowController.swift in Sources */,
			);
			runOnlyForDeploymentPostprocessing = 0;
		};
/* End PBXSourcesBuildPhase section */

/* Begin PBXVariantGroup section */
		937206002277FC9600011A9F /* Main.storyboard */ = {
			isa = PBXVariantGroup;
			children = (
				937206012277FC9600011A9F /* Base */,
			);
			name = Main.storyboard;
			sourceTree = "<group>";
		};
/* End PBXVariantGroup section */

/* Begin XCBuildConfiguration section */
		937206052277FC9600011A9F /* Debug */ = {
			isa = XCBuildConfiguration;
			buildSettings = {
				ALWAYS_SEARCH_USER_PATHS = NO;
				ASSETCATALOG_COMPILER_GENERATE_SWIFT_ASSET_SYMBOL_EXTENSIONS = YES;
				CLANG_ANALYZER_NONNULL = YES;
				CLANG_ANALYZER_NUMBER_OBJECT_CONVERSION = YES_AGGRESSIVE;
				CLANG_CXX_LANGUAGE_STANDARD = "gnu++14";
				CLANG_CXX_LIBRARY = "libc++";
				CLANG_ENABLE_MODULES = YES;
				CLANG_ENABLE_OBJC_ARC = YES;
				CLANG_ENABLE_OBJC_WEAK = YES;
				CLANG_WARN_BLOCK_CAPTURE_AUTORELEASING = YES;
				CLANG_WARN_BOOL_CONVERSION = YES;
				CLANG_WARN_COMMA = YES;
				CLANG_WARN_CONSTANT_CONVERSION = YES;
				CLANG_WARN_DEPRECATED_OBJC_IMPLEMENTATIONS = YES;
				CLANG_WARN_DIRECT_OBJC_ISA_USAGE = YES_ERROR;
				CLANG_WARN_DOCUMENTATION_COMMENTS = YES;
				CLANG_WARN_EMPTY_BODY = YES;
				CLANG_WARN_ENUM_CONVERSION = YES;
				CLANG_WARN_INFINITE_RECURSION = YES;
				CLANG_WARN_INT_CONVERSION = YES;
				CLANG_WARN_NON_LITERAL_NULL_CONVERSION = YES;
				CLANG_WARN_OBJC_IMPLICIT_RETAIN_SELF = YES;
				CLANG_WARN_OBJC_LITERAL_CONVERSION = YES;
				CLANG_WARN_OBJC_ROOT_CLASS = YES_ERROR;
				CLANG_WARN_QUOTED_INCLUDE_IN_FRAMEWORK_HEADER = YES;
				CLANG_WARN_RANGE_LOOP_ANALYSIS = YES;
				CLANG_WARN_STRICT_PROTOTYPES = YES;
				CLANG_WARN_SUSPICIOUS_MOVE = YES;
				CLANG_WARN_UNGUARDED_AVAILABILITY = YES_AGGRESSIVE;
				CLANG_WARN_UNREACHABLE_CODE = YES;
				CLANG_WARN__DUPLICATE_METHOD_MATCH = YES;
				CODE_SIGN_IDENTITY = "-";
				COPY_PHASE_STRIP = NO;
				DEAD_CODE_STRIPPING = YES;
				DEBUG_INFORMATION_FORMAT = dwarf;
				ENABLE_STRICT_OBJC_MSGSEND = YES;
				ENABLE_TESTABILITY = YES;
				ENABLE_USER_SCRIPT_SANDBOXING = YES;
				GCC_C_LANGUAGE_STANDARD = gnu11;
				GCC_DYNAMIC_NO_PIC = NO;
				GCC_NO_COMMON_BLOCKS = YES;
				GCC_OPTIMIZATION_LEVEL = 0;
				GCC_PREPROCESSOR_DEFINITIONS = (
					"DEBUG=1",
					"$(inherited)",
				);
				GCC_WARN_64_TO_32_BIT_CONVERSION = YES;
				GCC_WARN_ABOUT_RETURN_TYPE = YES_ERROR;
				GCC_WARN_UNDECLARED_SELECTOR = YES;
				GCC_WARN_UNINITIALIZED_AUTOS = YES_AGGRESSIVE;
				GCC_WARN_UNUSED_FUNCTION = YES;
				GCC_WARN_UNUSED_VARIABLE = YES;
				MACOSX_DEPLOYMENT_TARGET = 11.0;
				MTL_ENABLE_DEBUG_INFO = INCLUDE_SOURCE;
				MTL_FAST_MATH = YES;
				ONLY_ACTIVE_ARCH = YES;
				SDKROOT = macosx;
				SWIFT_ACTIVE_COMPILATION_CONDITIONS = DEBUG;
				SWIFT_OPTIMIZATION_LEVEL = "-Onone";
			};
			name = Debug;
		};
		937206062277FC9600011A9F /* Release */ = {
			isa = XCBuildConfiguration;
			buildSettings = {
				ALWAYS_SEARCH_USER_PATHS = NO;
				ASSETCATALOG_COMPILER_GENERATE_SWIFT_ASSET_SYMBOL_EXTENSIONS = YES;
				CLANG_ANALYZER_NONNULL = YES;
				CLANG_ANALYZER_NUMBER_OBJECT_CONVERSION = YES_AGGRESSIVE;
				CLANG_CXX_LANGUAGE_STANDARD = "gnu++14";
				CLANG_CXX_LIBRARY = "libc++";
				CLANG_ENABLE_MODULES = YES;
				CLANG_ENABLE_OBJC_ARC = YES;
				CLANG_ENABLE_OBJC_WEAK = YES;
				CLANG_WARN_BLOCK_CAPTURE_AUTORELEASING = YES;
				CLANG_WARN_BOOL_CONVERSION = YES;
				CLANG_WARN_COMMA = YES;
				CLANG_WARN_CONSTANT_CONVERSION = YES;
				CLANG_WARN_DEPRECATED_OBJC_IMPLEMENTATIONS = YES;
				CLANG_WARN_DIRECT_OBJC_ISA_USAGE = YES_ERROR;
				CLANG_WARN_DOCUMENTATION_COMMENTS = YES;
				CLANG_WARN_EMPTY_BODY = YES;
				CLANG_WARN_ENUM_CONVERSION = YES;
				CLANG_WARN_INFINITE_RECURSION = YES;
				CLANG_WARN_INT_CONVERSION = YES;
				CLANG_WARN_NON_LITERAL_NULL_CONVERSION = YES;
				CLANG_WARN_OBJC_IMPLICIT_RETAIN_SELF = YES;
				CLANG_WARN_OBJC_LITERAL_CONVERSION = YES;
				CLANG_WARN_OBJC_ROOT_CLASS = YES_ERROR;
				CLANG_WARN_QUOTED_INCLUDE_IN_FRAMEWORK_HEADER = YES;
				CLANG_WARN_RANGE_LOOP_ANALYSIS = YES;
				CLANG_WARN_STRICT_PROTOTYPES = YES;
				CLANG_WARN_SUSPICIOUS_MOVE = YES;
				CLANG_WARN_UNGUARDED_AVAILABILITY = YES_AGGRESSIVE;
				CLANG_WARN_UNREACHABLE_CODE = YES;
				CLANG_WARN__DUPLICATE_METHOD_MATCH = YES;
				CODE_SIGN_IDENTITY = "-";
				COPY_PHASE_STRIP = NO;
				DEAD_CODE_STRIPPING = YES;
				DEBUG_INFORMATION_FORMAT = "dwarf-with-dsym";
				ENABLE_NS_ASSERTIONS = NO;
				ENABLE_STRICT_OBJC_MSGSEND = YES;
				ENABLE_USER_SCRIPT_SANDBOXING = YES;
				GCC_C_LANGUAGE_STANDARD = gnu11;
				GCC_NO_COMMON_BLOCKS = YES;
				GCC_WARN_64_TO_32_BIT_CONVERSION = YES;
				GCC_WARN_ABOUT_RETURN_TYPE = YES_ERROR;
				GCC_WARN_UNDECLARED_SELECTOR = YES;
				GCC_WARN_UNINITIALIZED_AUTOS = YES_AGGRESSIVE;
				GCC_WARN_UNUSED_FUNCTION = YES;
				GCC_WARN_UNUSED_VARIABLE = YES;
				MACOSX_DEPLOYMENT_TARGET = 11.0;
				MTL_ENABLE_DEBUG_INFO = NO;
				MTL_FAST_MATH = YES;
				SDKROOT = macosx;
				SWIFT_COMPILATION_MODE = wholemodule;
				SWIFT_OPTIMIZATION_LEVEL = "-O";
			};
			name = Release;
		};
		937206082277FC9600011A9F /* Debug */ = {
			isa = XCBuildConfiguration;
			buildSettings = {
				ASSETCATALOG_COMPILER_APPICON_NAME = AppIcon;
				CODE_SIGN_ENTITLEMENTS = Toolbar/Toolbar.entitlements;
				CODE_SIGN_IDENTITY = "-";
				CODE_SIGN_STYLE = Automatic;
				COMBINE_HIDPI_IMAGES = YES;
				DEAD_CODE_STRIPPING = YES;
				INFOPLIST_FILE = Toolbar/Info.plist;
				LD_RUNPATH_SEARCH_PATHS = (
					"$(inherited)",
					"@executable_path/../Frameworks",
				);
				MACOSX_DEPLOYMENT_TARGET = 11.0;
				PRODUCT_BUNDLE_IDENTIFIER = com.example.Toolbar;
				PRODUCT_NAME = "$(TARGET_NAME)";
				SWIFT_VERSION = 5.0;
			};
			name = Debug;
		};
		937206092277FC9600011A9F /* Release */ = {
			isa = XCBuildConfiguration;
			buildSettings = {
				ASSETCATALOG_COMPILER_APPICON_NAME = AppIcon;
				CODE_SIGN_ENTITLEMENTS = Toolbar/Toolbar.entitlements;
				CODE_SIGN_IDENTITY = "-";
				CODE_SIGN_STYLE = Automatic;
				COMBINE_HIDPI_IMAGES = YES;
				DEAD_CODE_STRIPPING = YES;
				INFOPLIST_FILE = Toolbar/Info.plist;
				LD_RUNPATH_SEARCH_PATHS = (
					"$(inherited)",
					"@executable_path/../Frameworks",
				);
				MACOSX_DEPLOYMENT_TARGET = 11.0;
				PRODUCT_BUNDLE_IDENTIFIER = com.example.Toolbar;
				PRODUCT_NAME = "$(TARGET_NAME)";
				SWIFT_VERSION = 5.0;
			};
			name = Release;
		};
/* End XCBuildConfiguration section */

/* Begin XCConfigurationList section */
		937205F22277FC9400011A9F /* Build configuration list for PBXProject "Toolbar" */ = {
			isa = XCConfigurationList;
			buildConfigurations = (
				937206052277FC9600011A9F /* Debug */,
				937206062277FC9600011A9F /* Release */,
			);
			defaultConfigurationIsVisible = 0;
			defaultConfigurationName = Release;
		};
		937206072277FC9600011A9F /* Build configuration list for PBXNativeTarget "Toolbar" */ = {
			isa = XCConfigurationList;
			buildConfigurations = (
				937206082277FC9600011A9F /* Debug */,
				937206092277FC9600011A9F /* Release */,
			);
			defaultConfigurationIsVisible = 0;
			defaultConfigurationName = Release;
		};
/* End XCConfigurationList section */
	};
	rootObject = 937205EF2277FC9400011A9F /* Project object */;
}
